
Microsoft Visual Studio Solution File, Format Version 12.00
# Visual Studio Version 17
VisualStudioVersion = 17.4.33213.308
MinimumVisualStudioVersion = 10.0.40219.1
Project("{2150E333-8FDC-42A3-9474-1A3956D46DE8}") = "src", "src", "{F373D7E4-A93A-4CCF-B9F4-EC204AF1BBEC}"
EndProject
Project("{2150E333-8FDC-42A3-9474-1A3956D46DE8}") = "infrastructure", "infrastructure", "{0201CA56-7329-4542-8D47-7F99CAB78B19}"
EndProject
Project("{2150E333-8FDC-42A3-9474-1A3956D46DE8}") = "main", "main", "{49214BBD-74F3-499B-9FBF-D063FA0CAE4C}"
EndProject
Project("{2150E333-8FDC-42A3-9474-1A3956D46DE8}") = "tests", "tests", "{EE8A88D0-6958-448F-BCC6-D2BCB872A092}"
EndProject
Project("{9A19103F-16F7-4668-BE54-9A1E7A4F7556}") = "Common", "src\main\Common\Common.csproj", "{5B393257-F456-4630-B6AA-79B646D15EEA}"
EndProject
Project("{2150E333-8FDC-42A3-9474-1A3956D46DE8}") = "Solution Items", "Solution Items", "{F6AEA3D7-8E76-493C-9540-B4C9D3AC4178}"
	ProjectSection(SolutionItems) = preProject
		.editorconfig = .editorconfig
		.gitignore = .gitignore
		README.md = README.md
	EndProjectSection
EndProject
Project("{9A19103F-16F7-4668-BE54-9A1E7A4F7556}") = "Domain", "src\main\Domain\Domain.csproj", "{63B24933-159C-4B2F-954F-78675578AD5E}"
EndProject
Project("{9A19103F-16F7-4668-BE54-9A1E7A4F7556}") = "Application", "src\main\Application\Application.csproj", "{2554B86B-CD8A-4876-BE63-8ED7696D6174}"
EndProject
Project("{9A19103F-16F7-4668-BE54-9A1E7A4F7556}") = "Common.UnitTests", "tests\Common.UnitTests\Common.UnitTests.csproj", "{70C8DFB7-2A0B-48B7-AF16-3738D7E037EE}"
EndProject
Project("{9A19103F-16F7-4668-BE54-9A1E7A4F7556}") = "Migrations", "src\infrastructure\Migrations\Migrations.csproj", "{F2BE1FA8-5D9F-4145-A636-72D8E3A6CE46}"
EndProject
Project("{9A19103F-16F7-4668-BE54-9A1E7A4F7556}") = "Infrastructure", "src\infrastructure\Infrastructure\Infrastructure.csproj", "{95699D36-2908-4385-B8A0-E0273EA814E0}"
EndProject
Project("{9A19103F-16F7-4668-BE54-9A1E7A4F7556}") = "WebApi", "src\main\WebApi\WebApi.csproj", "{E85204E0-0A54-4D59-9F8F-33EB2A81E63C}"
EndProject
Project("{9A19103F-16F7-4668-BE54-9A1E7A4F7556}") = "IdentityServerAspNetIdentity", "src\infrastructure\IdentityServerAspNetIdentity\IdentityServerAspNetIdentity.csproj", "{0043E8BF-3FCB-4BCE-BFB6-EBB62AA87202}"
EndProject
Global
	GlobalSection(SolutionConfigurationPlatforms) = preSolution
		Debug|Any CPU = Debug|Any CPU
		Release|Any CPU = Release|Any CPU
	EndGlobalSection
	GlobalSection(ProjectConfigurationPlatforms) = postSolution
		{5B393257-F456-4630-B6AA-79B646D15EEA}.Debug|Any CPU.ActiveCfg = Debug|Any CPU
		{5B393257-F456-4630-B6AA-79B646D15EEA}.Debug|Any CPU.Build.0 = Debug|Any CPU
		{5B393257-F456-4630-B6AA-79B646D15EEA}.Release|Any CPU.ActiveCfg = Release|Any CPU
		{5B393257-F456-4630-B6AA-79B646D15EEA}.Release|Any CPU.Build.0 = Release|Any CPU
		{63B24933-159C-4B2F-954F-78675578AD5E}.Debug|Any CPU.ActiveCfg = Debug|Any CPU
		{63B24933-159C-4B2F-954F-78675578AD5E}.Debug|Any CPU.Build.0 = Debug|Any CPU
		{63B24933-159C-4B2F-954F-78675578AD5E}.Release|Any CPU.ActiveCfg = Release|Any CPU
		{63B24933-159C-4B2F-954F-78675578AD5E}.Release|Any CPU.Build.0 = Release|Any CPU
		{2554B86B-CD8A-4876-BE63-8ED7696D6174}.Debug|Any CPU.ActiveCfg = Debug|Any CPU
		{2554B86B-CD8A-4876-BE63-8ED7696D6174}.Debug|Any CPU.Build.0 = Debug|Any CPU
		{2554B86B-CD8A-4876-BE63-8ED7696D6174}.Release|Any CPU.ActiveCfg = Release|Any CPU
		{2554B86B-CD8A-4876-BE63-8ED7696D6174}.Release|Any CPU.Build.0 = Release|Any CPU
		{70C8DFB7-2A0B-48B7-AF16-3738D7E037EE}.Debug|Any CPU.ActiveCfg = Debug|Any CPU
		{70C8DFB7-2A0B-48B7-AF16-3738D7E037EE}.Debug|Any CPU.Build.0 = Debug|Any CPU
		{70C8DFB7-2A0B-48B7-AF16-3738D7E037EE}.Release|Any CPU.ActiveCfg = Release|Any CPU
		{70C8DFB7-2A0B-48B7-AF16-3738D7E037EE}.Release|Any CPU.Build.0 = Release|Any CPU
		{F2BE1FA8-5D9F-4145-A636-72D8E3A6CE46}.Debug|Any CPU.ActiveCfg = Debug|Any CPU
		{F2BE1FA8-5D9F-4145-A636-72D8E3A6CE46}.Debug|Any CPU.Build.0 = Debug|Any CPU
		{F2BE1FA8-5D9F-4145-A636-72D8E3A6CE46}.Release|Any CPU.ActiveCfg = Release|Any CPU
		{F2BE1FA8-5D9F-4145-A636-72D8E3A6CE46}.Release|Any CPU.Build.0 = Release|Any CPU
		{95699D36-2908-4385-B8A0-E0273EA814E0}.Debug|Any CPU.ActiveCfg = Debug|Any CPU
		{95699D36-2908-4385-B8A0-E0273EA814E0}.Debug|Any CPU.Build.0 = Debug|Any CPU
		{95699D36-2908-4385-B8A0-E0273EA814E0}.Release|Any CPU.ActiveCfg = Release|Any CPU
		{95699D36-2908-4385-B8A0-E0273EA814E0}.Release|Any CPU.Build.0 = Release|Any CPU
		{E85204E0-0A54-4D59-9F8F-33EB2A81E63C}.Debug|Any CPU.ActiveCfg = Debug|Any CPU
		{E85204E0-0A54-4D59-9F8F-33EB2A81E63C}.Debug|Any CPU.Build.0 = Debug|Any CPU
		{E85204E0-0A54-4D59-9F8F-33EB2A81E63C}.Release|Any CPU.ActiveCfg = Release|Any CPU
		{E85204E0-0A54-4D59-9F8F-33EB2A81E63C}.Release|Any CPU.Build.0 = Release|Any CPU
		{0043E8BF-3FCB-4BCE-BFB6-EBB62AA87202}.Debug|Any CPU.ActiveCfg = Debug|Any CPU
		{0043E8BF-3FCB-4BCE-BFB6-EBB62AA87202}.Debug|Any CPU.Build.0 = Debug|Any CPU
		{0043E8BF-3FCB-4BCE-BFB6-EBB62AA87202}.Release|Any CPU.ActiveCfg = Release|Any CPU
		{0043E8BF-3FCB-4BCE-BFB6-EBB62AA87202}.Release|Any CPU.Build.0 = Release|Any CPU
	EndGlobalSection
	GlobalSection(SolutionProperties) = preSolution
		HideSolutionNode = FALSE
	EndGlobalSection
	GlobalSection(NestedProjects) = preSolution
		{0201CA56-7329-4542-8D47-7F99CAB78B19} = {F373D7E4-A93A-4CCF-B9F4-EC204AF1BBEC}
		{49214BBD-74F3-499B-9FBF-D063FA0CAE4C} = {F373D7E4-A93A-4CCF-B9F4-EC204AF1BBEC}
		{5B393257-F456-4630-B6AA-79B646D15EEA} = {49214BBD-74F3-499B-9FBF-D063FA0CAE4C}
		{63B24933-159C-4B2F-954F-78675578AD5E} = {49214BBD-74F3-499B-9FBF-D063FA0CAE4C}
		{2554B86B-CD8A-4876-BE63-8ED7696D6174} = {49214BBD-74F3-499B-9FBF-D063FA0CAE4C}
		{70C8DFB7-2A0B-48B7-AF16-3738D7E037EE} = {EE8A88D0-6958-448F-BCC6-D2BCB872A092}
		{F2BE1FA8-5D9F-4145-A636-72D8E3A6CE46} = {0201CA56-7329-4542-8D47-7F99CAB78B19}
		{95699D36-2908-4385-B8A0-E0273EA814E0} = {0201CA56-7329-4542-8D47-7F99CAB78B19}
		{E85204E0-0A54-4D59-9F8F-33EB2A81E63C} = {49214BBD-74F3-499B-9FBF-D063FA0CAE4C}
		{0043E8BF-3FCB-4BCE-BFB6-EBB62AA87202} = {0201CA56-7329-4542-8D47-7F99CAB78B19}
	EndGlobalSection
	GlobalSection(ExtensibilityGlobals) = postSolution
		SolutionGuid = {C3D0A1A2-5535-495F-B4E3-982213A306CB}
	EndGlobalSection
EndGlobal
